// !$*UTF8*$!
{
	archiveVersion = 1;
	classes = {
	};
	objectVersion = 46;
	objects = {

/* Begin PBXBuildFile section */
		28152763172A5F1F0036A7D4 /* nav_agenda.png in Resources */ = {isa = PBXBuildFile; fileRef = 28152762172A5F1F0036A7D4 /* nav_agenda.png */; };
		289013A8171808E20006FB9D /* EurukoSpeakersVC.m in Sources */ = {isa = PBXBuildFile; fileRef = 289013A7171808E20006FB9D /* EurukoSpeakersVC.m */; };
		289013AC17183C390006FB9D /* spk01.png in Resources */ = {isa = PBXBuildFile; fileRef = 289013A917183C390006FB9D /* spk01.png */; };
		289013AD17183C390006FB9D /* spk02.png in Resources */ = {isa = PBXBuildFile; fileRef = 289013AA17183C390006FB9D /* spk02.png */; };
		289013AE17183C390006FB9D /* spk03.png in Resources */ = {isa = PBXBuildFile; fileRef = 289013AB17183C390006FB9D /* spk03.png */; };
		289013B01718926E0006FB9D /* nav_speakers.png in Resources */ = {isa = PBXBuildFile; fileRef = 289013AF1718926E0006FB9D /* nav_speakers.png */; };
		289013B5172187650006FB9D /* vertical_line.png in Resources */ = {isa = PBXBuildFile; fileRef = 289013B4172187640006FB9D /* vertical_line.png */; };
		28BDAFE11705C82F0024A65B /* logo_title.png in Resources */ = {isa = PBXBuildFile; fileRef = 28BDAFE01705C82F0024A65B /* logo_title.png */; };
		28BDAFE31705D7B40024A65B /* nav_news.png in Resources */ = {isa = PBXBuildFile; fileRef = 28BDAFE21705D7B40024A65B /* nav_news.png */; };
		28BDAFE51705DADC0024A65B /* menubutton.png in Resources */ = {isa = PBXBuildFile; fileRef = 28BDAFE41705DADC0024A65B /* menubutton.png */; };
		28BDAFE71705FC050024A65B /* newspaper.png in Resources */ = {isa = PBXBuildFile; fileRef = 28BDAFE61705FC050024A65B /* newspaper.png */; };
		28CDA2A916DA95E200B87D75 /* IIViewDeckController.m in Sources */ = {isa = PBXBuildFile; fileRef = 28CDA2A616DA95E200B87D75 /* IIViewDeckController.m */; };
		28CDA2AD16DA963A00B87D75 /* EurukoSidemenuVC.m in Sources */ = {isa = PBXBuildFile; fileRef = 28CDA2AC16DA963A00B87D75 /* EurukoSidemenuVC.m */; };
		28CDA2B016DB4EF000B87D75 /* EurukoMainVC.m in Sources */ = {isa = PBXBuildFile; fileRef = 28CDA2AF16DB4EF000B87D75 /* EurukoMainVC.m */; };
		28CDA2B516DB5BF900B87D75 /* IISideController.m in Sources */ = {isa = PBXBuildFile; fileRef = 28CDA2B216DB5BF900B87D75 /* IISideController.m */; };
		28CDA2B616DB5BF900B87D75 /* IIWrapController.m in Sources */ = {isa = PBXBuildFile; fileRef = 28CDA2B416DB5BF900B87D75 /* IIWrapController.m */; };
		28CDA2B816DB5D3200B87D75 /* QuartzCore.framework in Frameworks */ = {isa = PBXBuildFile; fileRef = 28CDA2B716DB5D3200B87D75 /* QuartzCore.framework */; };
		28E716C41723E97E00341090 /* agenda_item.png in Resources */ = {isa = PBXBuildFile; fileRef = 28E716C31723E97E00341090 /* agenda_item.png */; };
		28E716C71723F74100341090 /* EurukoAgendaVC.m in Sources */ = {isa = PBXBuildFile; fileRef = 28E716C61723F74100341090 /* EurukoAgendaVC.m */; };
		28EAA4B516D775DF00F523B3 /* UIKit.framework in Frameworks */ = {isa = PBXBuildFile; fileRef = 28EAA4B416D775DF00F523B3 /* UIKit.framework */; };
		28EAA4B716D775DF00F523B3 /* Foundation.framework in Frameworks */ = {isa = PBXBuildFile; fileRef = 28EAA4B616D775DF00F523B3 /* Foundation.framework */; };
		28EAA4B916D775DF00F523B3 /* CoreGraphics.framework in Frameworks */ = {isa = PBXBuildFile; fileRef = 28EAA4B816D775DF00F523B3 /* CoreGraphics.framework */; };
		28EAA4BF16D775E000F523B3 /* InfoPlist.strings in Resources */ = {isa = PBXBuildFile; fileRef = 28EAA4BD16D775E000F523B3 /* InfoPlist.strings */; };
		28EAA4C116D775E000F523B3 /* main.m in Sources */ = {isa = PBXBuildFile; fileRef = 28EAA4C016D775E000F523B3 /* main.m */; };
		28EAA4C516D775E000F523B3 /* EurukoAppDelegate.m in Sources */ = {isa = PBXBuildFile; fileRef = 28EAA4C416D775E000F523B3 /* EurukoAppDelegate.m */; };
		28EAA4C716D775E000F523B3 /* Default.png in Resources */ = {isa = PBXBuildFile; fileRef = 28EAA4C616D775E000F523B3 /* Default.png */; };
		28EAA4C916D775E000F523B3 /* Default@2x.png in Resources */ = {isa = PBXBuildFile; fileRef = 28EAA4C816D775E000F523B3 /* Default@2x.png */; };
		28EAA4CB16D775E000F523B3 /* Default-568h@2x.png in Resources */ = {isa = PBXBuildFile; fileRef = 28EAA4CA16D775E000F523B3 /* Default-568h@2x.png */; };
		28EAA4CE16D775E000F523B3 /* MainStoryboard_iPhone.storyboard in Resources */ = {isa = PBXBuildFile; fileRef = 28EAA4CC16D775E000F523B3 /* MainStoryboard_iPhone.storyboard */; };
		28EAA4D116D775E000F523B3 /* MainStoryboard_iPad.storyboard in Resources */ = {isa = PBXBuildFile; fileRef = 28EAA4CF16D775E000F523B3 /* MainStoryboard_iPad.storyboard */; };
		28EAA4D416D775E000F523B3 /* EurukoNewsVC.m in Sources */ = {isa = PBXBuildFile; fileRef = 28EAA4D316D775E000F523B3 /* EurukoNewsVC.m */; };
		28EAA4D716D775E000F523B3 /* EurukoDetailViewController.m in Sources */ = {isa = PBXBuildFile; fileRef = 28EAA4D616D775E000F523B3 /* EurukoDetailViewController.m */; };
/* End PBXBuildFile section */

/* Begin PBXFileReference section */
		28152762172A5F1F0036A7D4 /* nav_agenda.png */ = {isa = PBXFileReference; lastKnownFileType = image.png; name = nav_agenda.png; path = Gfx/nav_agenda.png; sourceTree = SOURCE_ROOT; };
		289013A6171808E20006FB9D /* EurukoSpeakersVC.h */ = {isa = PBXFileReference; fileEncoding = 4; lastKnownFileType = sourcecode.c.h; path = EurukoSpeakersVC.h; sourceTree = "<group>"; };
		289013A7171808E20006FB9D /* EurukoSpeakersVC.m */ = {isa = PBXFileReference; fileEncoding = 4; lastKnownFileType = sourcecode.c.objc; path = EurukoSpeakersVC.m; sourceTree = "<group>"; };
		289013A917183C390006FB9D /* spk01.png */ = {isa = PBXFileReference; lastKnownFileType = image.png; name = spk01.png; path = Gfx/spk01.png; sourceTree = SOURCE_ROOT; };
		289013AA17183C390006FB9D /* spk02.png */ = {isa = PBXFileReference; lastKnownFileType = image.png; name = spk02.png; path = Gfx/spk02.png; sourceTree = SOURCE_ROOT; };
		289013AB17183C390006FB9D /* spk03.png */ = {isa = PBXFileReference; lastKnownFileType = image.png; name = spk03.png; path = Gfx/spk03.png; sourceTree = SOURCE_ROOT; };
		289013AF1718926E0006FB9D /* nav_speakers.png */ = {isa = PBXFileReference; lastKnownFileType = image.png; name = nav_speakers.png; path = Gfx/nav_speakers.png; sourceTree = SOURCE_ROOT; };
		289013B4172187640006FB9D /* vertical_line.png */ = {isa = PBXFileReference; lastKnownFileType = image.png; name = vertical_line.png; path = Gfx/vertical_line.png; sourceTree = SOURCE_ROOT; };
		28BDAFE01705C82F0024A65B /* logo_title.png */ = {isa = PBXFileReference; lastKnownFileType = image.png; name = logo_title.png; path = Gfx/logo_title.png; sourceTree = SOURCE_ROOT; };
		28BDAFE21705D7B40024A65B /* nav_news.png */ = {isa = PBXFileReference; lastKnownFileType = image.png; name = nav_news.png; path = Gfx/nav_news.png; sourceTree = SOURCE_ROOT; };
		28BDAFE41705DADC0024A65B /* menubutton.png */ = {isa = PBXFileReference; lastKnownFileType = image.png; name = menubutton.png; path = Gfx/menubutton.png; sourceTree = SOURCE_ROOT; };
		28BDAFE61705FC050024A65B /* newspaper.png */ = {isa = PBXFileReference; lastKnownFileType = image.png; name = newspaper.png; path = Gfx/newspaper.png; sourceTree = SOURCE_ROOT; };
		28CDA2A516DA95E200B87D75 /* IIViewDeckController.h */ = {isa = PBXFileReference; fileEncoding = 4; lastKnownFileType = sourcecode.c.h; name = IIViewDeckController.h; path = ViewDeck/IIViewDeckController.h; sourceTree = SOURCE_ROOT; };
		28CDA2A616DA95E200B87D75 /* IIViewDeckController.m */ = {isa = PBXFileReference; fileEncoding = 4; lastKnownFileType = sourcecode.c.objc; name = IIViewDeckController.m; path = ViewDeck/IIViewDeckController.m; sourceTree = SOURCE_ROOT; };
		28CDA2AB16DA963A00B87D75 /* EurukoSidemenuVC.h */ = {isa = PBXFileReference; fileEncoding = 4; lastKnownFileType = sourcecode.c.h; path = EurukoSidemenuVC.h; sourceTree = "<group>"; };
		28CDA2AC16DA963A00B87D75 /* EurukoSidemenuVC.m */ = {isa = PBXFileReference; fileEncoding = 4; lastKnownFileType = sourcecode.c.objc; path = EurukoSidemenuVC.m; sourceTree = "<group>"; };
		28CDA2AE16DB4EF000B87D75 /* EurukoMainVC.h */ = {isa = PBXFileReference; fileEncoding = 4; lastKnownFileType = sourcecode.c.h; path = EurukoMainVC.h; sourceTree = "<group>"; };
		28CDA2AF16DB4EF000B87D75 /* EurukoMainVC.m */ = {isa = PBXFileReference; fileEncoding = 4; lastKnownFileType = sourcecode.c.objc; path = EurukoMainVC.m; sourceTree = "<group>"; };
		28CDA2B116DB5BF900B87D75 /* IISideController.h */ = {isa = PBXFileReference; fileEncoding = 4; lastKnownFileType = sourcecode.c.h; name = IISideController.h; path = ViewDeck/IISideController.h; sourceTree = SOURCE_ROOT; };
		28CDA2B216DB5BF900B87D75 /* IISideController.m */ = {isa = PBXFileReference; fileEncoding = 4; lastKnownFileType = sourcecode.c.objc; name = IISideController.m; path = ViewDeck/IISideController.m; sourceTree = SOURCE_ROOT; };
		28CDA2B316DB5BF900B87D75 /* IIWrapController.h */ = {isa = PBXFileReference; fileEncoding = 4; lastKnownFileType = sourcecode.c.h; name = IIWrapController.h; path = ViewDeck/IIWrapController.h; sourceTree = SOURCE_ROOT; };
		28CDA2B416DB5BF900B87D75 /* IIWrapController.m */ = {isa = PBXFileReference; fileEncoding = 4; lastKnownFileType = sourcecode.c.objc; name = IIWrapController.m; path = ViewDeck/IIWrapController.m; sourceTree = SOURCE_ROOT; };
		28CDA2B716DB5D3200B87D75 /* QuartzCore.framework */ = {isa = PBXFileReference; lastKnownFileType = wrapper.framework; name = QuartzCore.framework; path = System/Library/Frameworks/QuartzCore.framework; sourceTree = SDKROOT; };
		28E716C31723E97E00341090 /* agenda_item.png */ = {isa = PBXFileReference; lastKnownFileType = image.png; name = agenda_item.png; path = Gfx/agenda_item.png; sourceTree = SOURCE_ROOT; };
		28E716C51723F74100341090 /* EurukoAgendaVC.h */ = {isa = PBXFileReference; fileEncoding = 4; lastKnownFileType = sourcecode.c.h; path = EurukoAgendaVC.h; sourceTree = "<group>"; };
		28E716C61723F74100341090 /* EurukoAgendaVC.m */ = {isa = PBXFileReference; fileEncoding = 4; lastKnownFileType = sourcecode.c.objc; path = EurukoAgendaVC.m; sourceTree = "<group>"; };
		28EAA4B116D775DF00F523B3 /* Euruko2013.app */ = {isa = PBXFileReference; explicitFileType = wrapper.application; includeInIndex = 0; path = Euruko2013.app; sourceTree = BUILT_PRODUCTS_DIR; };
		28EAA4B416D775DF00F523B3 /* UIKit.framework */ = {isa = PBXFileReference; lastKnownFileType = wrapper.framework; name = UIKit.framework; path = System/Library/Frameworks/UIKit.framework; sourceTree = SDKROOT; };
		28EAA4B616D775DF00F523B3 /* Foundation.framework */ = {isa = PBXFileReference; lastKnownFileType = wrapper.framework; name = Foundation.framework; path = System/Library/Frameworks/Foundation.framework; sourceTree = SDKROOT; };
		28EAA4B816D775DF00F523B3 /* CoreGraphics.framework */ = {isa = PBXFileReference; lastKnownFileType = wrapper.framework; name = CoreGraphics.framework; path = System/Library/Frameworks/CoreGraphics.framework; sourceTree = SDKROOT; };
		28EAA4BC16D775E000F523B3 /* Euruko2013-Info.plist */ = {isa = PBXFileReference; lastKnownFileType = text.plist.xml; path = "Euruko2013-Info.plist"; sourceTree = "<group>"; };
		28EAA4BE16D775E000F523B3 /* en */ = {isa = PBXFileReference; lastKnownFileType = text.plist.strings; name = en; path = en.lproj/InfoPlist.strings; sourceTree = "<group>"; };
		28EAA4C016D775E000F523B3 /* main.m */ = {isa = PBXFileReference; lastKnownFileType = sourcecode.c.objc; path = main.m; sourceTree = "<group>"; };
		28EAA4C216D775E000F523B3 /* Euruko2013-Prefix.pch */ = {isa = PBXFileReference; lastKnownFileType = sourcecode.c.h; path = "Euruko2013-Prefix.pch"; sourceTree = "<group>"; };
		28EAA4C316D775E000F523B3 /* EurukoAppDelegate.h */ = {isa = PBXFileReference; lastKnownFileType = sourcecode.c.h; path = EurukoAppDelegate.h; sourceTree = "<group>"; };
		28EAA4C416D775E000F523B3 /* EurukoAppDelegate.m */ = {isa = PBXFileReference; lastKnownFileType = sourcecode.c.objc; path = EurukoAppDelegate.m; sourceTree = "<group>"; };
		28EAA4C616D775E000F523B3 /* Default.png */ = {isa = PBXFileReference; lastKnownFileType = image.png; path = Default.png; sourceTree = "<group>"; };
		28EAA4C816D775E000F523B3 /* Default@2x.png */ = {isa = PBXFileReference; lastKnownFileType = image.png; path = "Default@2x.png"; sourceTree = "<group>"; };
		28EAA4CA16D775E000F523B3 /* Default-568h@2x.png */ = {isa = PBXFileReference; lastKnownFileType = image.png; path = "Default-568h@2x.png"; sourceTree = "<group>"; };
		28EAA4CD16D775E000F523B3 /* en */ = {isa = PBXFileReference; lastKnownFileType = file.storyboard; name = en; path = en.lproj/MainStoryboard_iPhone.storyboard; sourceTree = "<group>"; };
		28EAA4D016D775E000F523B3 /* en */ = {isa = PBXFileReference; lastKnownFileType = file.storyboard; name = en; path = en.lproj/MainStoryboard_iPad.storyboard; sourceTree = "<group>"; };
		28EAA4D216D775E000F523B3 /* EurukoNewsVC.h */ = {isa = PBXFileReference; lastKnownFileType = sourcecode.c.h; path = EurukoNewsVC.h; sourceTree = "<group>"; };
		28EAA4D316D775E000F523B3 /* EurukoNewsVC.m */ = {isa = PBXFileReference; lastKnownFileType = sourcecode.c.objc; path = EurukoNewsVC.m; sourceTree = "<group>"; };
		28EAA4D516D775E000F523B3 /* EurukoDetailViewController.h */ = {isa = PBXFileReference; lastKnownFileType = sourcecode.c.h; path = EurukoDetailViewController.h; sourceTree = "<group>"; };
		28EAA4D616D775E000F523B3 /* EurukoDetailViewController.m */ = {isa = PBXFileReference; lastKnownFileType = sourcecode.c.objc; path = EurukoDetailViewController.m; sourceTree = "<group>"; };
/* End PBXFileReference section */

/* Begin PBXFrameworksBuildPhase section */
		28EAA4AE16D775DF00F523B3 /* Frameworks */ = {
			isa = PBXFrameworksBuildPhase;
			buildActionMask = 2147483647;
			files = (
				28CDA2B816DB5D3200B87D75 /* QuartzCore.framework in Frameworks */,
				28EAA4B516D775DF00F523B3 /* UIKit.framework in Frameworks */,
				28EAA4B716D775DF00F523B3 /* Foundation.framework in Frameworks */,
				28EAA4B916D775DF00F523B3 /* CoreGraphics.framework in Frameworks */,
			);
			runOnlyForDeploymentPostprocessing = 0;
		};
/* End PBXFrameworksBuildPhase section */

/* Begin PBXGroup section */
		28BDAFDF1705B5AD0024A65B /* Gfx */ = {
			isa = PBXGroup;
			children = (
				28152762172A5F1F0036A7D4 /* nav_agenda.png */,
				28E716C31723E97E00341090 /* agenda_item.png */,
				289013B4172187640006FB9D /* vertical_line.png */,
				289013AF1718926E0006FB9D /* nav_speakers.png */,
				289013A917183C390006FB9D /* spk01.png */,
				289013AA17183C390006FB9D /* spk02.png */,
				289013AB17183C390006FB9D /* spk03.png */,
				28BDAFE61705FC050024A65B /* newspaper.png */,
				28BDAFE41705DADC0024A65B /* menubutton.png */,
				28BDAFE21705D7B40024A65B /* nav_news.png */,
				28BDAFE01705C82F0024A65B /* logo_title.png */,
			);
			name = Gfx;
			sourceTree = "<group>";
		};
		28EAA4A816D775DF00F523B3 = {
			isa = PBXGroup;
			children = (
				28EAA4BA16D775DF00F523B3 /* Euruko2013 */,
				28EAA4B316D775DF00F523B3 /* Frameworks */,
				28EAA4B216D775DF00F523B3 /* Products */,
			);
			sourceTree = "<group>";
		};
		28EAA4B216D775DF00F523B3 /* Products */ = {
			isa = PBXGroup;
			children = (
				28EAA4B116D775DF00F523B3 /* Euruko2013.app */,
			);
			name = Products;
			sourceTree = "<group>";
		};
		28EAA4B316D775DF00F523B3 /* Frameworks */ = {
			isa = PBXGroup;
			children = (
				28CDA2B716DB5D3200B87D75 /* QuartzCore.framework */,
				28EAA4B416D775DF00F523B3 /* UIKit.framework */,
				28EAA4B616D775DF00F523B3 /* Foundation.framework */,
				28EAA4B816D775DF00F523B3 /* CoreGraphics.framework */,
			);
			name = Frameworks;
			sourceTree = "<group>";
		};
		28EAA4BA16D775DF00F523B3 /* Euruko2013 */ = {
			isa = PBXGroup;
			children = (
				28EAA4C316D775E000F523B3 /* EurukoAppDelegate.h */,
				28EAA4C416D775E000F523B3 /* EurukoAppDelegate.m */,
				28EAA4CC16D775E000F523B3 /* MainStoryboard_iPhone.storyboard */,
				28EAA4CF16D775E000F523B3 /* MainStoryboard_iPad.storyboard */,
				28CDA2AE16DB4EF000B87D75 /* EurukoMainVC.h */,
				28CDA2AF16DB4EF000B87D75 /* EurukoMainVC.m */,
				28CDA2AB16DA963A00B87D75 /* EurukoSidemenuVC.h */,
				28CDA2AC16DA963A00B87D75 /* EurukoSidemenuVC.m */,
				28EAA4D216D775E000F523B3 /* EurukoNewsVC.h */,
				28EAA4D316D775E000F523B3 /* EurukoNewsVC.m */,
				28E716C51723F74100341090 /* EurukoAgendaVC.h */,
				28E716C61723F74100341090 /* EurukoAgendaVC.m */,
				289013A6171808E20006FB9D /* EurukoSpeakersVC.h */,
				289013A7171808E20006FB9D /* EurukoSpeakersVC.m */,
				28EAA4D516D775E000F523B3 /* EurukoDetailViewController.h */,
				28EAA4D616D775E000F523B3 /* EurukoDetailViewController.m */,
				28BDAFDF1705B5AD0024A65B /* Gfx */,
				28EAA4DD16DA928000F523B3 /* Libs */,
				28EAA4BB16D775E000F523B3 /* Supporting Files */,
			);
			path = Euruko2013;
			sourceTree = "<group>";
		};
		28EAA4BB16D775E000F523B3 /* Supporting Files */ = {
			isa = PBXGroup;
			children = (
				28EAA4BC16D775E000F523B3 /* Euruko2013-Info.plist */,
				28EAA4BD16D775E000F523B3 /* InfoPlist.strings */,
				28EAA4C016D775E000F523B3 /* main.m */,
				28EAA4C216D775E000F523B3 /* Euruko2013-Prefix.pch */,
				28EAA4C616D775E000F523B3 /* Default.png */,
				28EAA4C816D775E000F523B3 /* Default@2x.png */,
				28EAA4CA16D775E000F523B3 /* Default-568h@2x.png */,
			);
			name = "Supporting Files";
			sourceTree = "<group>";
		};
		28EAA4DD16DA928000F523B3 /* Libs */ = {
			isa = PBXGroup;
			children = (
				28EAA4DE16DA928800F523B3 /* ViewDeck */,
			);
			name = Libs;
			sourceTree = "<group>";
		};
		28EAA4DE16DA928800F523B3 /* ViewDeck */ = {
			isa = PBXGroup;
			children = (
				28CDA2B116DB5BF900B87D75 /* IISideController.h */,
				28CDA2B216DB5BF900B87D75 /* IISideController.m */,
				28CDA2B316DB5BF900B87D75 /* IIWrapController.h */,
				28CDA2B416DB5BF900B87D75 /* IIWrapController.m */,
				28CDA2A516DA95E200B87D75 /* IIViewDeckController.h */,
				28CDA2A616DA95E200B87D75 /* IIViewDeckController.m */,
			);
			name = ViewDeck;
			sourceTree = "<group>";
		};
/* End PBXGroup section */

/* Begin PBXNativeTarget section */
		28EAA4B016D775DF00F523B3 /* Euruko2013 */ = {
			isa = PBXNativeTarget;
			buildConfigurationList = 28EAA4DA16D775E000F523B3 /* Build configuration list for PBXNativeTarget "Euruko2013" */;
			buildPhases = (
				28EAA4AD16D775DF00F523B3 /* Sources */,
				28EAA4AE16D775DF00F523B3 /* Frameworks */,
				28EAA4AF16D775DF00F523B3 /* Resources */,
			);
			buildRules = (
			);
			dependencies = (
			);
			name = Euruko2013;
			productName = Euruko2013;
			productReference = 28EAA4B116D775DF00F523B3 /* Euruko2013.app */;
			productType = "com.apple.product-type.application";
		};
/* End PBXNativeTarget section */

/* Begin PBXProject section */
		28EAA4A916D775DF00F523B3 /* Project object */ = {
			isa = PBXProject;
			attributes = {
				CLASSPREFIX = Euruko;
				LastUpgradeCheck = 0460;
				ORGANIZATIONNAME = Codigia;
			};
			buildConfigurationList = 28EAA4AC16D775DF00F523B3 /* Build configuration list for PBXProject "Euruko2013" */;
			compatibilityVersion = "Xcode 3.2";
			developmentRegion = English;
			hasScannedForEncodings = 0;
			knownRegions = (
				en,
			);
			mainGroup = 28EAA4A816D775DF00F523B3;
			productRefGroup = 28EAA4B216D775DF00F523B3 /* Products */;
			projectDirPath = "";
			projectRoot = "";
			targets = (
				28EAA4B016D775DF00F523B3 /* Euruko2013 */,
			);
		};
/* End PBXProject section */

/* Begin PBXResourcesBuildPhase section */
		28EAA4AF16D775DF00F523B3 /* Resources */ = {
			isa = PBXResourcesBuildPhase;
			buildActionMask = 2147483647;
			files = (
				28EAA4BF16D775E000F523B3 /* InfoPlist.strings in Resources */,
				28EAA4C716D775E000F523B3 /* Default.png in Resources */,
				28EAA4C916D775E000F523B3 /* Default@2x.png in Resources */,
				28EAA4CB16D775E000F523B3 /* Default-568h@2x.png in Resources */,
				28EAA4CE16D775E000F523B3 /* MainStoryboard_iPhone.storyboard in Resources */,
				28EAA4D116D775E000F523B3 /* MainStoryboard_iPad.storyboard in Resources */,
				28BDAFE11705C82F0024A65B /* logo_title.png in Resources */,
				28BDAFE31705D7B40024A65B /* nav_news.png in Resources */,
				28BDAFE51705DADC0024A65B /* menubutton.png in Resources */,
				28BDAFE71705FC050024A65B /* newspaper.png in Resources */,
				289013AC17183C390006FB9D /* spk01.png in Resources */,
				289013AD17183C390006FB9D /* spk02.png in Resources */,
				289013AE17183C390006FB9D /* spk03.png in Resources */,
				289013B01718926E0006FB9D /* nav_speakers.png in Resources */,
				289013B5172187650006FB9D /* vertical_line.png in Resources */,
				28E716C41723E97E00341090 /* agenda_item.png in Resources */,
				28152763172A5F1F0036A7D4 /* nav_agenda.png in Resources */,
			);
			runOnlyForDeploymentPostprocessing = 0;
		};
/* End PBXResourcesBuildPhase section */

/* Begin PBXSourcesBuildPhase section */
		28EAA4AD16D775DF00F523B3 /* Sources */ = {
			isa = PBXSourcesBuildPhase;
			buildActionMask = 2147483647;
			files = (
				28EAA4C116D775E000F523B3 /* main.m in Sources */,
				28EAA4C516D775E000F523B3 /* EurukoAppDelegate.m in Sources */,
				28EAA4D416D775E000F523B3 /* EurukoNewsVC.m in Sources */,
				28EAA4D716D775E000F523B3 /* EurukoDetailViewController.m in Sources */,
				28CDA2A916DA95E200B87D75 /* IIViewDeckController.m in Sources */,
				28CDA2AD16DA963A00B87D75 /* EurukoSidemenuVC.m in Sources */,
				28CDA2B016DB4EF000B87D75 /* EurukoMainVC.m in Sources */,
				28CDA2B516DB5BF900B87D75 /* IISideController.m in Sources */,
				28CDA2B616DB5BF900B87D75 /* IIWrapController.m in Sources */,
				289013A8171808E20006FB9D /* EurukoSpeakersVC.m in Sources */,
				28E716C71723F74100341090 /* EurukoAgendaVC.m in Sources */,
			);
			runOnlyForDeploymentPostprocessing = 0;
		};
/* End PBXSourcesBuildPhase section */

/* Begin PBXVariantGroup section */
		28EAA4BD16D775E000F523B3 /* InfoPlist.strings */ = {
			isa = PBXVariantGroup;
			children = (
				28EAA4BE16D775E000F523B3 /* en */,
			);
			name = InfoPlist.strings;
			sourceTree = "<group>";
		};
		28EAA4CC16D775E000F523B3 /* MainStoryboard_iPhone.storyboard */ = {
			isa = PBXVariantGroup;
			children = (
				28EAA4CD16D775E000F523B3 /* en */,
			);
			name = MainStoryboard_iPhone.storyboard;
			sourceTree = "<group>";
		};
		28EAA4CF16D775E000F523B3 /* MainStoryboard_iPad.storyboard */ = {
			isa = PBXVariantGroup;
			children = (
				28EAA4D016D775E000F523B3 /* en */,
			);
			name = MainStoryboard_iPad.storyboard;
			sourceTree = "<group>";
		};
/* End PBXVariantGroup section */

/* Begin XCBuildConfiguration section */
		28EAA4D816D775E000F523B3 /* Debug */ = {
			isa = XCBuildConfiguration;
			buildSettings = {
				ALWAYS_SEARCH_USER_PATHS = NO;
				CLANG_CXX_LANGUAGE_STANDARD = "gnu++0x";
				CLANG_CXX_LIBRARY = "libc++";
				CLANG_ENABLE_OBJC_ARC = YES;
				CLANG_WARN_CONSTANT_CONVERSION = YES;
				CLANG_WARN_EMPTY_BODY = YES;
				CLANG_WARN_ENUM_CONVERSION = YES;
				CLANG_WARN_INT_CONVERSION = YES;
				CLANG_WARN__DUPLICATE_METHOD_MATCH = YES;
				"CODE_SIGN_IDENTITY[sdk=iphoneos*]" = "iPhone Developer";
				COPY_PHASE_STRIP = NO;
				GCC_C_LANGUAGE_STANDARD = gnu99;
				GCC_DYNAMIC_NO_PIC = NO;
				GCC_OPTIMIZATION_LEVEL = 0;
				GCC_PREPROCESSOR_DEFINITIONS = (
					"DEBUG=1",
					"$(inherited)",
				);
				GCC_SYMBOLS_PRIVATE_EXTERN = NO;
				GCC_WARN_ABOUT_RETURN_TYPE = YES;
				GCC_WARN_UNINITIALIZED_AUTOS = YES;
				GCC_WARN_UNUSED_VARIABLE = YES;
				IPHONEOS_DEPLOYMENT_TARGET = 6.1;
				ONLY_ACTIVE_ARCH = YES;
				SDKROOT = iphoneos;
				TARGETED_DEVICE_FAMILY = "1,2";
			};
			name = Debug;
		};
		28EAA4D916D775E000F523B3 /* Release */ = {
			isa = XCBuildConfiguration;
			buildSettings = {
				ALWAYS_SEARCH_USER_PATHS = NO;
				CLANG_CXX_LANGUAGE_STANDARD = "gnu++0x";
				CLANG_CXX_LIBRARY = "libc++";
				CLANG_ENABLE_OBJC_ARC = YES;
				CLANG_WARN_CONSTANT_CONVERSION = YES;
				CLANG_WARN_EMPTY_BODY = YES;
				CLANG_WARN_ENUM_CONVERSION = YES;
				CLANG_WARN_INT_CONVERSION = YES;
				CLANG_WARN__DUPLICATE_METHOD_MATCH = YES;
				"CODE_SIGN_IDENTITY[sdk=iphoneos*]" = "iPhone Developer";
				COPY_PHASE_STRIP = YES;
				GCC_C_LANGUAGE_STANDARD = gnu99;
				GCC_WARN_ABOUT_RETURN_TYPE = YES;
				GCC_WARN_UNINITIALIZED_AUTOS = YES;
				GCC_WARN_UNUSED_VARIABLE = YES;
				IPHONEOS_DEPLOYMENT_TARGET = 6.1;
				OTHER_CFLAGS = "-DNS_BLOCK_ASSERTIONS=1";
				SDKROOT = iphoneos;
				TARGETED_DEVICE_FAMILY = "1,2";
				VALIDATE_PRODUCT = YES;
			};
			name = Release;
		};
		28EAA4DB16D775E000F523B3 /* Debug */ = {
			isa = XCBuildConfiguration;
			buildSettings = {
				GCC_PRECOMPILE_PREFIX_HEADER = YES;
				GCC_PREFIX_HEADER = "Euruko2013/Euruko2013-Prefix.pch";
				INFOPLIST_FILE = "Euruko2013/Euruko2013-Info.plist";
				IPHONEOS_DEPLOYMENT_TARGET = 5.0;
				ONLY_ACTIVE_ARCH = YES;
				OTHER_LDFLAGS = "-ObjC";
				PRODUCT_NAME = "$(TARGET_NAME)";
				TARGETED_DEVICE_FAMILY = 1;
				WRAPPER_EXTENSION = app;
			};
			name = Debug;
		};
		28EAA4DC16D775E000F523B3 /* Release */ = {
			isa = XCBuildConfiguration;
			buildSettings = {
				GCC_PRECOMPILE_PREFIX_HEADER = YES;
				GCC_PREFIX_HEADER = "Euruko2013/Euruko2013-Prefix.pch";
				INFOPLIST_FILE = "Euruko2013/Euruko2013-Info.plist";
				IPHONEOS_DEPLOYMENT_TARGET = 5.0;
				ONLY_ACTIVE_ARCH = YES;
				OTHER_LDFLAGS = "-ObjC";
				PRODUCT_NAME = "$(TARGET_NAME)";
				TARGETED_DEVICE_FAMILY = 1;
				WRAPPER_EXTENSION = app;
			};
			name = Release;
		};
/* End XCBuildConfiguration section */

/* Begin XCConfigurationList section */
		28EAA4AC16D775DF00F523B3 /* Build configuration list for PBXProject "Euruko2013" */ = {
			isa = XCConfigurationList;
			buildConfigurations = (
				28EAA4D816D775E000F523B3 /* Debug */,
				28EAA4D916D775E000F523B3 /* Release */,
			);
			defaultConfigurationIsVisible = 0;
			defaultConfigurationName = Release;
		};
		28EAA4DA16D775E000F523B3 /* Build configuration list for PBXNativeTarget "Euruko2013" */ = {
			isa = XCConfigurationList;
			buildConfigurations = (
				28EAA4DB16D775E000F523B3 /* Debug */,
				28EAA4DC16D775E000F523B3 /* Release */,
			);
			defaultConfigurationIsVisible = 0;
			defaultConfigurationName = Release;
		};
/* End XCConfigurationList section */
	};
	rootObject = 28EAA4A916D775DF00F523B3 /* Project object */;
}
